
Microsoft Visual Studio Solution File, Format Version 12.00
# Visual Studio Version 17
VisualStudioVersion = 17.9.34728.123
MinimumVisualStudioVersion = 10.0.40219.1
Project("{FAE04EC0-301F-11D3-BF4B-00C04F79EFBC}") = "abstract-class-account-task", "abstract-class-account-task\abstract-class-account-task.csproj", "{13E48744-01B4-44FE-B21F-7D182BCA87A3}"
EndProject
Global
	GlobalSection(SolutionConfigurationPlatforms) = preSolution
		Debug|Any CPU = Debug|Any CPU
		Release|Any CPU = Release|Any CPU
	EndGlobalSection
	GlobalSection(ProjectConfigurationPlatforms) = postSolution
		{13E48744-01B4-44FE-B21F-7D182BCA87A3}.Debug|Any CPU.ActiveCfg = Debug|Any CPU
		{13E48744-01B4-44FE-B21F-7D182BCA87A3}.Debug|Any CPU.Build.0 = Debug|Any CPU
		{13E48744-01B4-44FE-B21F-7D182BCA87A3}.Release|Any CPU.ActiveCfg = Release|Any CPU
		{13E48744-01B4-44FE-B21F-7D182BCA87A3}.Release|Any CPU.Build.0 = Release|Any CPU
	EndGlobalSection
	GlobalSection(SolutionProperties) = preSolution
		HideSolutionNode = FALSE
	EndGlobalSection
	GlobalSection(ExtensibilityGlobals) = postSolution
		SolutionGuid = {B76ACA1F-880C-48F8-8E5A-4F1DA0A176AA}
	EndGlobalSection
EndGlobal
